
Microsoft Visual Studio Solution File, Format Version 12.00
# Visual Studio Version 17
VisualStudioVersion = 17.0.31903.59
MinimumVisualStudioVersion = 10.0.40219.1
Project("{9A19103F-16F7-4668-BE54-9A1E7A4F7556}") = "DoublyLinkList", "DoublyLinkList\DoublyLinkList.csproj", "{FA463C44-6CB8-4504-8647-047CC3CBC72C}"
EndProject
Project("{9A19103F-16F7-4668-BE54-9A1E7A4F7556}") = "DoublyEndedQueue", "DoublyEndedQueue\DoublyEndedQueue.csproj", "{1FF210F5-60EC-4F3D-AD44-6F58CE836589}"
EndProject
Project("{9A19103F-16F7-4668-BE54-9A1E7A4F7556}") = "Queue", "Queue\Queue.csproj", "{F495F29A-27AF-4343-BCC7-8F7245816335}"
EndProject
Project("{9A19103F-16F7-4668-BE54-9A1E7A4F7556}") = "Stack", "Stack\Stack.csproj", "{321109CE-B9A3-4B18-A770-DBB0A8FEDCB1}"
EndProject
Project("{FAE04EC0-301F-11D3-BF4B-00C04F79EFBC}") = "BinarySearchTree", "BinarySearchTree\BinarySearchTree.csproj", "{C6CC1C6E-1011-42E9-9E27-B029185F42A9}"
EndProject
Global
	GlobalSection(SolutionConfigurationPlatforms) = preSolution
		Debug|Any CPU = Debug|Any CPU
		Release|Any CPU = Release|Any CPU
	EndGlobalSection
	GlobalSection(ProjectConfigurationPlatforms) = postSolution
		{FA463C44-6CB8-4504-8647-047CC3CBC72C}.Debug|Any CPU.ActiveCfg = Debug|Any CPU
		{FA463C44-6CB8-4504-8647-047CC3CBC72C}.Debug|Any CPU.Build.0 = Debug|Any CPU
		{FA463C44-6CB8-4504-8647-047CC3CBC72C}.Release|Any CPU.ActiveCfg = Release|Any CPU
		{FA463C44-6CB8-4504-8647-047CC3CBC72C}.Release|Any CPU.Build.0 = Release|Any CPU
		{1FF210F5-60EC-4F3D-AD44-6F58CE836589}.Debug|Any CPU.ActiveCfg = Debug|Any CPU
		{1FF210F5-60EC-4F3D-AD44-6F58CE836589}.Debug|Any CPU.Build.0 = Debug|Any CPU
		{1FF210F5-60EC-4F3D-AD44-6F58CE836589}.Release|Any CPU.ActiveCfg = Release|Any CPU
		{1FF210F5-60EC-4F3D-AD44-6F58CE836589}.Release|Any CPU.Build.0 = Release|Any CPU
		{F495F29A-27AF-4343-BCC7-8F7245816335}.Debug|Any CPU.ActiveCfg = Debug|Any CPU
		{F495F29A-27AF-4343-BCC7-8F7245816335}.Debug|Any CPU.Build.0 = Debug|Any CPU
		{F495F29A-27AF-4343-BCC7-8F7245816335}.Release|Any CPU.ActiveCfg = Release|Any CPU
		{F495F29A-27AF-4343-BCC7-8F7245816335}.Release|Any CPU.Build.0 = Release|Any CPU
		{321109CE-B9A3-4B18-A770-DBB0A8FEDCB1}.Debug|Any CPU.ActiveCfg = Debug|Any CPU
		{321109CE-B9A3-4B18-A770-DBB0A8FEDCB1}.Debug|Any CPU.Build.0 = Debug|Any CPU
		{321109CE-B9A3-4B18-A770-DBB0A8FEDCB1}.Release|Any CPU.ActiveCfg = Release|Any CPU
		{321109CE-B9A3-4B18-A770-DBB0A8FEDCB1}.Release|Any CPU.Build.0 = Release|Any CPU
		{C6CC1C6E-1011-42E9-9E27-B029185F42A9}.Debug|Any CPU.ActiveCfg = Debug|Any CPU
		{C6CC1C6E-1011-42E9-9E27-B029185F42A9}.Debug|Any CPU.Build.0 = Debug|Any CPU
		{C6CC1C6E-1011-42E9-9E27-B029185F42A9}.Release|Any CPU.ActiveCfg = Release|Any CPU
		{C6CC1C6E-1011-42E9-9E27-B029185F42A9}.Release|Any CPU.Build.0 = Release|Any CPU
	EndGlobalSection
	GlobalSection(SolutionProperties) = preSolution
		HideSolutionNode = FALSE
	EndGlobalSection
	GlobalSection(ExtensibilityGlobals) = postSolution
		SolutionGuid = {7C93BACB-1291-49A0-B19C-5314FFF4B806}
	EndGlobalSection
EndGlobal
